
Microsoft Visual Studio Solution File, Format Version 12.00
# Visual Studio Version 16
VisualStudioVersion = 16.0.29215.179
MinimumVisualStudioVersion = 10.0.40219.1
Project("{FAE04EC0-301F-11D3-BF4B-00C04F79EFBC}") = "4-Conjuntos", "4-Conjuntos\4-Conjuntos.csproj", "{AE5F5A42-5AE8-41A7-8671-2CC35A4CCAC2}"
EndProject
Global
	GlobalSection(SolutionConfigurationPlatforms) = preSolution
		Debug|Any CPU = Debug|Any CPU
		Release|Any CPU = Release|Any CPU
	EndGlobalSection
	GlobalSection(ProjectConfigurationPlatforms) = postSolution
		{AE5F5A42-5AE8-41A7-8671-2CC35A4CCAC2}.Debug|Any CPU.ActiveCfg = Debug|Any CPU
		{AE5F5A42-5AE8-41A7-8671-2CC35A4CCAC2}.Debug|Any CPU.Build.0 = Debug|Any CPU
		{AE5F5A42-5AE8-41A7-8671-2CC35A4CCAC2}.Release|Any CPU.ActiveCfg = Release|Any CPU
		{AE5F5A42-5AE8-41A7-8671-2CC35A4CCAC2}.Release|Any CPU.Build.0 = Release|Any CPU
	EndGlobalSection
	GlobalSection(SolutionProperties) = preSolution
		HideSolutionNode = FALSE
	EndGlobalSection
	GlobalSection(ExtensibilityGlobals) = postSolution
		SolutionGuid = {B0F3632E-CE17-4006-BAA8-262E2FB82D2C}
	EndGlobalSection
EndGlobal
