
Microsoft Visual Studio Solution File, Format Version 12.00
# Visual Studio Version 16
VisualStudioVersion = 16.0.29215.179
MinimumVisualStudioVersion = 10.0.40219.1
Project("{FAE04EC0-301F-11D3-BF4B-00C04F79EFBC}") = "3-Matriz", "3-Matriz\3-Matriz.csproj", "{AD3E1045-35A3-4B75-B116-0A471F76919A}"
EndProject
Global
	GlobalSection(SolutionConfigurationPlatforms) = preSolution
		Debug|Any CPU = Debug|Any CPU
		Release|Any CPU = Release|Any CPU
	EndGlobalSection
	GlobalSection(ProjectConfigurationPlatforms) = postSolution
		{AD3E1045-35A3-4B75-B116-0A471F76919A}.Debug|Any CPU.ActiveCfg = Debug|Any CPU
		{AD3E1045-35A3-4B75-B116-0A471F76919A}.Debug|Any CPU.Build.0 = Debug|Any CPU
		{AD3E1045-35A3-4B75-B116-0A471F76919A}.Release|Any CPU.ActiveCfg = Release|Any CPU
		{AD3E1045-35A3-4B75-B116-0A471F76919A}.Release|Any CPU.Build.0 = Release|Any CPU
	EndGlobalSection
	GlobalSection(SolutionProperties) = preSolution
		HideSolutionNode = FALSE
	EndGlobalSection
	GlobalSection(ExtensibilityGlobals) = postSolution
		SolutionGuid = {3172FFF4-1186-422B-82C0-8B052621FCB8}
	EndGlobalSection
EndGlobal
