
Microsoft Visual Studio Solution File, Format Version 12.00
# Visual Studio Version 16
VisualStudioVersion = 16.0.29215.179
MinimumVisualStudioVersion = 10.0.40219.1
Project("{FAE04EC0-301F-11D3-BF4B-00C04F79EFBC}") = "1-Vetor", "1-Vetor\1-Vetor.csproj", "{0A05B1D0-3291-4B33-BF08-21F51B394387}"
EndProject
Global
	GlobalSection(SolutionConfigurationPlatforms) = preSolution
		Debug|Any CPU = Debug|Any CPU
		Release|Any CPU = Release|Any CPU
	EndGlobalSection
	GlobalSection(ProjectConfigurationPlatforms) = postSolution
		{0A05B1D0-3291-4B33-BF08-21F51B394387}.Debug|Any CPU.ActiveCfg = Debug|Any CPU
		{0A05B1D0-3291-4B33-BF08-21F51B394387}.Debug|Any CPU.Build.0 = Debug|Any CPU
		{0A05B1D0-3291-4B33-BF08-21F51B394387}.Release|Any CPU.ActiveCfg = Release|Any CPU
		{0A05B1D0-3291-4B33-BF08-21F51B394387}.Release|Any CPU.Build.0 = Release|Any CPU
	EndGlobalSection
	GlobalSection(SolutionProperties) = preSolution
		HideSolutionNode = FALSE
	EndGlobalSection
	GlobalSection(ExtensibilityGlobals) = postSolution
		SolutionGuid = {FC699919-A872-47B1-9062-07091BA338FC}
	EndGlobalSection
EndGlobal
